
Microsoft Visual Studio Solution File, Format Version 12.00
# Visual Studio Version 17
VisualStudioVersion = 17.12.35506.116
MinimumVisualStudioVersion = 10.0.40219.1
Project("{FAE04EC0-301F-11D3-BF4B-00C04F79EFBC}") = "PerfumeTracker.Server", "PerfumeTracker.Server\PerfumeTracker.Server.csproj", "{125007D0-35D9-42E0-A873-C643EF69759E}"
EndProject
Project("{E53339B2-1760-4266-BCC7-CA923CBCF16C}") = "docker-compose", "docker-compose.dcproj", "{5C2B5A86-9DB0-4888-A3E5-0F4E96969E94}"
EndProject
Global
	GlobalSection(SolutionConfigurationPlatforms) = preSolution
		Debug|Any CPU = Debug|Any CPU
		Release|Any CPU = Release|Any CPU
	EndGlobalSection
	GlobalSection(ProjectConfigurationPlatforms) = postSolution
		{125007D0-35D9-42E0-A873-C643EF69759E}.Debug|Any CPU.ActiveCfg = Debug|Any CPU
		{125007D0-35D9-42E0-A873-C643EF69759E}.Debug|Any CPU.Build.0 = Debug|Any CPU
		{125007D0-35D9-42E0-A873-C643EF69759E}.Release|Any CPU.ActiveCfg = Release|Any CPU
		{125007D0-35D9-42E0-A873-C643EF69759E}.Release|Any CPU.Build.0 = Release|Any CPU
		{5C2B5A86-9DB0-4888-A3E5-0F4E96969E94}.Debug|Any CPU.ActiveCfg = Debug|Any CPU
		{5C2B5A86-9DB0-4888-A3E5-0F4E96969E94}.Debug|Any CPU.Build.0 = Debug|Any CPU
		{5C2B5A86-9DB0-4888-A3E5-0F4E96969E94}.Release|Any CPU.ActiveCfg = Release|Any CPU
		{5C2B5A86-9DB0-4888-A3E5-0F4E96969E94}.Release|Any CPU.Build.0 = Release|Any CPU
	EndGlobalSection
	GlobalSection(SolutionProperties) = preSolution
		HideSolutionNode = FALSE
	EndGlobalSection
EndGlobal
